<?xml version="1.0" encoding="utf-8"?>
<Project ToolsVersion="4.0" xmlns="http://schemas.microsoft.com/developer/msbuild/2003">
  <ItemGroup>
    <Filter Include="99.Default">
      <UniqueIdentifier>{11e8de7e-4aa2-430e-a2cf-47005c3bd494}</UniqueIdentifier>
    </Filter>
    <Filter Include="00.MainGame">
      <UniqueIdentifier>{65f2b414-b99d-4d74-801e-82cf646cadd7}</UniqueIdentifier>
    </Filter>
    <Filter Include="01.GameObject">
      <UniqueIdentifier>{10b38aeb-71f7-42e0-a57a-2c0a5f40f385}</UniqueIdentifier>
    </Filter>
    <Filter Include="02.Mouse">
      <UniqueIdentifier>{2bd47ab2-6f3a-4875-8c9b-7074bedb0fb8}</UniqueIdentifier>
    </Filter>
    <Filter Include="98.Managers">
      <UniqueIdentifier>{9a77705f-c29d-4fba-a8c5-6652529bb5dc}</UniqueIdentifier>
    </Filter>
    <Filter Include="98.Managers\00.KeyMgr">
      <UniqueIdentifier>{057b1b09-c7e5-4bc6-9447-7c0bb60b3528}</UniqueIdentifier>
    </Filter>
    <Filter Include="98.Managers\01.MathMgr">
      <UniqueIdentifier>{18c4c1c5-c9fe-4145-8837-5c398c4a40da}</UniqueIdentifier>
    </Filter>
    <Filter Include="98.Managers\02.DeviceMgr">
      <UniqueIdentifier>{49355c2a-5ade-4241-8995-0bcb4c07b0fc}</UniqueIdentifier>
    </Filter>
    <Filter Include="98.Managers\03.TextureMgr">
      <UniqueIdentifier>{47b61b2a-1af7-41e6-a2b1-2ed558b284a5}</UniqueIdentifier>
    </Filter>
    <Filter Include="98.Managers\03.TextureMgr\00.Texture">
      <UniqueIdentifier>{94111d80-ba27-481b-be44-0e0abbf1d103}</UniqueIdentifier>
    </Filter>
    <Filter Include="98.Managers\03.TextureMgr\00.Texture\00.SingleTexture">
      <UniqueIdentifier>{547c576c-9cbc-4392-b4d5-ac7b5dd903aa}</UniqueIdentifier>
    </Filter>
    <Filter Include="98.Managers\03.TextureMgr\00.Texture\01.MultiTexture">
      <UniqueIdentifier>{59a5af6e-a93c-4781-8bd7-4b42c171e393}</UniqueIdentifier>
    </Filter>
    <Filter Include="98.Managers\04.ObjectMgr">
      <UniqueIdentifier>{043d3eb4-39b7-4c30-bc13-9e2add4aa34e}</UniqueIdentifier>
    </Filter>
    <Filter Include="01.GameObject\01.Player">
      <UniqueIdentifier>{897fb94f-e19c-4d49-b52b-aa59788fe202}</UniqueIdentifier>
    </Filter>
    <Filter Include="01.GameObject\00.Terrain">
      <UniqueIdentifier>{62f8f766-d687-4c2a-8174-d9b3ce55a421}</UniqueIdentifier>
    </Filter>
    <Filter Include="01.GameObject\02.Block">
      <UniqueIdentifier>{291ea0d7-4e94-4f0e-80d3-1f03e3655b94}</UniqueIdentifier>
    </Filter>
    <Filter Include="98.Managers\05.CollisionMgr">
      <UniqueIdentifier>{d9a7607b-b343-46c3-907d-fa3c830fc883}</UniqueIdentifier>
    </Filter>
    <Filter Include="98.Managers\06.TimgeMgr">
      <UniqueIdentifier>{1ca5a28d-2d4f-4a15-bb14-abc1a436c6f6}</UniqueIdentifier>
    </Filter>
    <Filter Include="98.Managers\07.SceneMgr">
      <UniqueIdentifier>{e4e82a38-80f3-4101-bb54-5e81c5a2e02f}</UniqueIdentifier>
    </Filter>
    <Filter Include="98.Managers\07.SceneMgr\Scene">
      <UniqueIdentifier>{5adad9e0-e2a4-46e6-b331-7d6e485e03d5}</UniqueIdentifier>
    </Filter>
    <Filter Include="98.Managers\07.SceneMgr\Scene\00.Logo">
      <UniqueIdentifier>{d9aa637c-eba6-4dcc-81ae-2ec340b16656}</UniqueIdentifier>
    </Filter>
    <Filter Include="98.Managers\07.SceneMgr\Scene\01.Stage">
      <UniqueIdentifier>{cb87b46c-6ed7-4944-873f-aa2891baa880}</UniqueIdentifier>
    </Filter>
    <Filter Include="98.Managers\08.SoundMgr">
      <UniqueIdentifier>{0c1f1542-5d65-4513-a34e-bde69cd00546}</UniqueIdentifier>
    </Filter>
    <Filter Include="98.Managers\07.SceneMgr\Scene\02.Editor">
      <UniqueIdentifier>{b6c0e8c4-9ee2-4389-bd70-95b12b8f0ba2}</UniqueIdentifier>
    </Filter>
    <Filter Include="98.Managers\08.FileIOMgr">
      <UniqueIdentifier>{188f1f6a-90a2-4ce6-8c4d-7c376eee5293}</UniqueIdentifier>
    </Filter>
  </ItemGroup>
  <ItemGroup>
    <ClInclude Include="Client.h">
      <Filter>99.Default</Filter>
    </ClInclude>
    <ClInclude Include="Resource.h">
      <Filter>99.Default</Filter>
    </ClInclude>
    <ClInclude Include="stdafx.h">
      <Filter>99.Default</Filter>
    </ClInclude>
    <ClInclude Include="targetver.h">
      <Filter>99.Default</Filter>
    </ClInclude>
    <ClInclude Include="MainGame.h">
      <Filter>00.MainGame</Filter>
    </ClInclude>
    <ClInclude Include="Mouse.h">
      <Filter>02.Mouse</Filter>
    </ClInclude>
    <ClInclude Include="KeyMgr.h">
      <Filter>98.Managers\00.KeyMgr</Filter>
    </ClInclude>
    <ClInclude Include="MathMgr.h">
      <Filter>98.Managers\01.MathMgr</Filter>
    </ClInclude>
    <ClInclude Include="DeviceMgr.h">
      <Filter>98.Managers\02.DeviceMgr</Filter>
    </ClInclude>
    <ClInclude Include="TextureMgr.h">
      <Filter>98.Managers\03.TextureMgr</Filter>
    </ClInclude>
    <ClInclude Include="Texture.h">
      <Filter>98.Managers\03.TextureMgr\00.Texture</Filter>
    </ClInclude>
    <ClInclude Include="SingleTexture.h">
      <Filter>98.Managers\03.TextureMgr\00.Texture\00.SingleTexture</Filter>
    </ClInclude>
    <ClInclude Include="MultiTexture.h">
      <Filter>98.Managers\03.TextureMgr\00.Texture\01.MultiTexture</Filter>
    </ClInclude>
    <ClInclude Include="ObjectMgr.h">
      <Filter>98.Managers\04.ObjectMgr</Filter>
    </ClInclude>
    <ClInclude Include="GameObject.h">
      <Filter>01.GameObject</Filter>
    </ClInclude>
    <ClInclude Include="Player.h">
      <Filter>01.GameObject\01.Player</Filter>
    </ClInclude>
    <ClInclude Include="Terrain.h">
      <Filter>01.GameObject\00.Terrain</Filter>
    </ClInclude>
    <ClInclude Include="Block.h">
      <Filter>01.GameObject\02.Block</Filter>
    </ClInclude>
    <ClInclude Include="CollisionMgr.h">
      <Filter>98.Managers\05.CollisionMgr</Filter>
    </ClInclude>
    <ClInclude Include="SceneMgr.h">
      <Filter>98.Managers\07.SceneMgr</Filter>
    </ClInclude>
    <ClInclude Include="TimeMgr.h">
      <Filter>98.Managers\06.TimgeMgr</Filter>
    </ClInclude>
    <ClInclude Include="Scene.h">
      <Filter>98.Managers\07.SceneMgr\Scene</Filter>
    </ClInclude>
    <ClInclude Include="Logo.h">
      <Filter>98.Managers\07.SceneMgr\Scene\00.Logo</Filter>
    </ClInclude>
    <ClInclude Include="Stage.h">
      <Filter>98.Managers\07.SceneMgr\Scene\01.Stage</Filter>
    </ClInclude>
    <ClInclude Include="SoundMgr.h">
      <Filter>98.Managers\08.SoundMgr</Filter>
    </ClInclude>
    <ClInclude Include="Editor.h">
      <Filter>98.Managers\07.SceneMgr\Scene\02.Editor</Filter>
    </ClInclude>
    <ClInclude Include="FileIOMgr.h">
      <Filter>98.Managers\08.FileIOMgr</Filter>
    </ClInclude>
    <ClInclude Include="Stage2.h">
      <Filter>98.Managers\07.SceneMgr\Scene\01.Stage</Filter>
    </ClInclude>
    <ClInclude Include="Stage3.h">
      <Filter>98.Managers\07.SceneMgr\Scene\01.Stage</Filter>
    </ClInclude>
  </ItemGroup>
  <ItemGroup>
    <ClCompile Include="Client.cpp">
      <Filter>99.Default</Filter>
    </ClCompile>
    <ClCompile Include="stdafx.cpp">
      <Filter>99.Default</Filter>
    </ClCompile>
    <ClCompile Include="MainGame.cpp">
      <Filter>00.MainGame</Filter>
    </ClCompile>
    <ClCompile Include="Mouse.cpp">
      <Filter>02.Mouse</Filter>
    </ClCompile>
    <ClCompile Include="KeyMgr.cpp">
      <Filter>98.Managers\00.KeyMgr</Filter>
    </ClCompile>
    <ClCompile Include="MathMgr.cpp">
      <Filter>98.Managers\01.MathMgr</Filter>
    </ClCompile>
    <ClCompile Include="DeviceMgr.cpp">
      <Filter>98.Managers\02.DeviceMgr</Filter>
    </ClCompile>
    <ClCompile Include="TextureMgr.cpp">
      <Filter>98.Managers\03.TextureMgr</Filter>
    </ClCompile>
    <ClCompile Include="Texture.cpp">
      <Filter>98.Managers\03.TextureMgr\00.Texture</Filter>
    </ClCompile>
    <ClCompile Include="SingleTexture.cpp">
      <Filter>98.Managers\03.TextureMgr\00.Texture\00.SingleTexture</Filter>
    </ClCompile>
    <ClCompile Include="MultiTexture.cpp">
      <Filter>98.Managers\03.TextureMgr\00.Texture\01.MultiTexture</Filter>
    </ClCompile>
    <ClCompile Include="ObjectMgr.cpp">
      <Filter>98.Managers\04.ObjectMgr</Filter>
    </ClCompile>
    <ClCompile Include="GameObject.cpp">
      <Filter>01.GameObject</Filter>
    </ClCompile>
    <ClCompile Include="Player.cpp">
      <Filter>01.GameObject\01.Player</Filter>
    </ClCompile>
    <ClCompile Include="Terrain.cpp">
      <Filter>01.GameObject\00.Terrain</Filter>
    </ClCompile>
    <ClCompile Include="Block.cpp">
      <Filter>01.GameObject\02.Block</Filter>
    </ClCompile>
    <ClCompile Include="CollisionMgr.cpp">
      <Filter>98.Managers\05.CollisionMgr</Filter>
    </ClCompile>
    <ClCompile Include="SceneMgr.cpp">
      <Filter>98.Managers\07.SceneMgr</Filter>
    </ClCompile>
    <ClCompile Include="TimeMgr.cpp">
      <Filter>98.Managers\06.TimgeMgr</Filter>
    </ClCompile>
    <ClCompile Include="Scene.cpp">
      <Filter>98.Managers\07.SceneMgr\Scene</Filter>
    </ClCompile>
    <ClCompile Include="Logo.cpp">
      <Filter>98.Managers\07.SceneMgr\Scene\00.Logo</Filter>
    </ClCompile>
    <ClCompile Include="Stage.cpp">
      <Filter>98.Managers\07.SceneMgr\Scene\01.Stage</Filter>
    </ClCompile>
    <ClCompile Include="SoundMgr.cpp">
      <Filter>98.Managers\08.SoundMgr</Filter>
    </ClCompile>
    <ClCompile Include="Editor.cpp">
      <Filter>98.Managers\07.SceneMgr\Scene\02.Editor</Filter>
    </ClCompile>
    <ClCompile Include="FileIOMgr.cpp">
      <Filter>98.Managers\08.FileIOMgr</Filter>
    </ClCompile>
    <ClCompile Include="Stage2.cpp">
      <Filter>98.Managers\07.SceneMgr\Scene\01.Stage</Filter>
    </ClCompile>
    <ClCompile Include="Stage3.cpp">
      <Filter>98.Managers\07.SceneMgr\Scene\01.Stage</Filter>
    </ClCompile>
  </ItemGroup>
  <ItemGroup>
    <Image Include="Client.ico">
      <Filter>99.Default</Filter>
    </Image>
    <Image Include="small.ico">
      <Filter>99.Default</Filter>
    </Image>
  </ItemGroup>
  <ItemGroup>
    <ResourceCompile Include="Client.rc">
      <Filter>99.Default</Filter>
    </ResourceCompile>
  </ItemGroup>
</Project>